
Microsoft Visual Studio Solution File, Format Version 12.00
# Visual Studio 15
VisualStudioVersion = 15.0.26124.0
MinimumVisualStudioVersion = 15.0.26124.0
Project("{FAE04EC0-301F-11D3-BF4B-00C04F79EFBC}") = "Simulation.Core", "Simulation.Core\Simulation.Core.csproj", "{53E707E4-24B1-4222-A344-E6641235CDFC}"
EndProject
Project("{FAE04EC0-301F-11D3-BF4B-00C04F79EFBC}") = "DigitalTwin.Prototype", "DigitalTwin.Prototype\DigitalTwin.Prototype.csproj", "{DF667E65-352D-4FFF-9EA7-7CB05A55DFD6}"
EndProject
Global
	GlobalSection(SolutionConfigurationPlatforms) = preSolution
		Debug|Any CPU = Debug|Any CPU
		Debug|x64 = Debug|x64
		Debug|x86 = Debug|x86
		Release|Any CPU = Release|Any CPU
		Release|x64 = Release|x64
		Release|x86 = Release|x86
	EndGlobalSection
	GlobalSection(SolutionProperties) = preSolution
		HideSolutionNode = FALSE
	EndGlobalSection
	GlobalSection(ProjectConfigurationPlatforms) = postSolution
		{53E707E4-24B1-4222-A344-E6641235CDFC}.Debug|Any CPU.ActiveCfg = Debug|Any CPU
		{53E707E4-24B1-4222-A344-E6641235CDFC}.Debug|Any CPU.Build.0 = Debug|Any CPU
		{53E707E4-24B1-4222-A344-E6641235CDFC}.Debug|x64.ActiveCfg = Debug|Any CPU
		{53E707E4-24B1-4222-A344-E6641235CDFC}.Debug|x64.Build.0 = Debug|Any CPU
		{53E707E4-24B1-4222-A344-E6641235CDFC}.Debug|x86.ActiveCfg = Debug|Any CPU
		{53E707E4-24B1-4222-A344-E6641235CDFC}.Debug|x86.Build.0 = Debug|Any CPU
		{53E707E4-24B1-4222-A344-E6641235CDFC}.Release|Any CPU.ActiveCfg = Release|Any CPU
		{53E707E4-24B1-4222-A344-E6641235CDFC}.Release|Any CPU.Build.0 = Release|Any CPU
		{53E707E4-24B1-4222-A344-E6641235CDFC}.Release|x64.ActiveCfg = Release|Any CPU
		{53E707E4-24B1-4222-A344-E6641235CDFC}.Release|x64.Build.0 = Release|Any CPU
		{53E707E4-24B1-4222-A344-E6641235CDFC}.Release|x86.ActiveCfg = Release|Any CPU
		{53E707E4-24B1-4222-A344-E6641235CDFC}.Release|x86.Build.0 = Release|Any CPU
		{DF667E65-352D-4FFF-9EA7-7CB05A55DFD6}.Debug|Any CPU.ActiveCfg = Debug|Any CPU
		{DF667E65-352D-4FFF-9EA7-7CB05A55DFD6}.Debug|Any CPU.Build.0 = Debug|Any CPU
		{DF667E65-352D-4FFF-9EA7-7CB05A55DFD6}.Debug|x64.ActiveCfg = Debug|Any CPU
		{DF667E65-352D-4FFF-9EA7-7CB05A55DFD6}.Debug|x64.Build.0 = Debug|Any CPU
		{DF667E65-352D-4FFF-9EA7-7CB05A55DFD6}.Debug|x86.ActiveCfg = Debug|Any CPU
		{DF667E65-352D-4FFF-9EA7-7CB05A55DFD6}.Debug|x86.Build.0 = Debug|Any CPU
		{DF667E65-352D-4FFF-9EA7-7CB05A55DFD6}.Release|Any CPU.ActiveCfg = Release|Any CPU
		{DF667E65-352D-4FFF-9EA7-7CB05A55DFD6}.Release|Any CPU.Build.0 = Release|Any CPU
		{DF667E65-352D-4FFF-9EA7-7CB05A55DFD6}.Release|x64.ActiveCfg = Release|Any CPU
		{DF667E65-352D-4FFF-9EA7-7CB05A55DFD6}.Release|x64.Build.0 = Release|Any CPU
		{DF667E65-352D-4FFF-9EA7-7CB05A55DFD6}.Release|x86.ActiveCfg = Release|Any CPU
		{DF667E65-352D-4FFF-9EA7-7CB05A55DFD6}.Release|x86.Build.0 = Release|Any CPU
	EndGlobalSection
EndGlobal
